
Microsoft Visual Studio Solution File, Format Version 12.00
# Visual Studio 15
VisualStudioVersion = 15.0.28307.852
MinimumVisualStudioVersion = 10.0.40219.1
Project("{FAE04EC0-301F-11D3-BF4B-00C04F79EFBC}") = "ClassLibraryAandelen", "ClassLibraryAandelen\ClassLibraryAandelen.csproj", "{27351A2A-60BB-44F7-9351-A65C8F65B077}"
EndProject
Project("{FAE04EC0-301F-11D3-BF4B-00C04F79EFBC}") = "WpfAandelenBeheer", "WpfAandelenBeheer\WpfAandelenBeheer.csproj", "{3083FD35-34AC-464B-B435-2C5EFDCB362B}"
EndProject
Global
	GlobalSection(SolutionConfigurationPlatforms) = preSolution
		Debug|Any CPU = Debug|Any CPU
		Release|Any CPU = Release|Any CPU
	EndGlobalSection
	GlobalSection(ProjectConfigurationPlatforms) = postSolution
		{27351A2A-60BB-44F7-9351-A65C8F65B077}.Debug|Any CPU.ActiveCfg = Debug|Any CPU
		{27351A2A-60BB-44F7-9351-A65C8F65B077}.Debug|Any CPU.Build.0 = Debug|Any CPU
		{27351A2A-60BB-44F7-9351-A65C8F65B077}.Release|Any CPU.ActiveCfg = Release|Any CPU
		{27351A2A-60BB-44F7-9351-A65C8F65B077}.Release|Any CPU.Build.0 = Release|Any CPU
		{3083FD35-34AC-464B-B435-2C5EFDCB362B}.Debug|Any CPU.ActiveCfg = Debug|Any CPU
		{3083FD35-34AC-464B-B435-2C5EFDCB362B}.Debug|Any CPU.Build.0 = Debug|Any CPU
		{3083FD35-34AC-464B-B435-2C5EFDCB362B}.Release|Any CPU.ActiveCfg = Release|Any CPU
		{3083FD35-34AC-464B-B435-2C5EFDCB362B}.Release|Any CPU.Build.0 = Release|Any CPU
	EndGlobalSection
	GlobalSection(SolutionProperties) = preSolution
		HideSolutionNode = FALSE
	EndGlobalSection
	GlobalSection(ExtensibilityGlobals) = postSolution
		SolutionGuid = {9E1A5D71-2834-4CA2-A445-3D61EFFB6917}
	EndGlobalSection
EndGlobal
